
Microsoft Visual Studio Solution File, Format Version 12.00
# Visual Studio 15
VisualStudioVersion = 15.0.28307.705
MinimumVisualStudioVersion = 10.0.40219.1
Project("{FAE04EC0-301F-11D3-BF4B-00C04F79EFBC}") = "Sitecore.XConnect.Streaming.Console", "XCentium.Sitecore.XConnect.Console\Sitecore.XConnect.Streaming.Console.csproj", "{FF0CD56B-C5C9-4E3A-AA91-1BDAF24F5DB4}"
EndProject
Global
	GlobalSection(SolutionConfigurationPlatforms) = preSolution
		Debug|Any CPU = Debug|Any CPU
		Release|Any CPU = Release|Any CPU
	EndGlobalSection
	GlobalSection(ProjectConfigurationPlatforms) = postSolution
		{FF0CD56B-C5C9-4E3A-AA91-1BDAF24F5DB4}.Debug|Any CPU.ActiveCfg = Debug|Any CPU
		{FF0CD56B-C5C9-4E3A-AA91-1BDAF24F5DB4}.Debug|Any CPU.Build.0 = Debug|Any CPU
		{FF0CD56B-C5C9-4E3A-AA91-1BDAF24F5DB4}.Release|Any CPU.ActiveCfg = Release|Any CPU
		{FF0CD56B-C5C9-4E3A-AA91-1BDAF24F5DB4}.Release|Any CPU.Build.0 = Release|Any CPU
	EndGlobalSection
	GlobalSection(SolutionProperties) = preSolution
		HideSolutionNode = FALSE
	EndGlobalSection
	GlobalSection(ExtensibilityGlobals) = postSolution
		SolutionGuid = {996DD289-133A-407A-A4F5-FB076166C338}
	EndGlobalSection
EndGlobal
